
Microsoft Visual Studio Solution File, Format Version 12.00
# Visual Studio Version 16
VisualStudioVersion = 16.0.31129.286
MinimumVisualStudioVersion = 10.0.40219.1
Project("{2150E333-8FDC-42A3-9474-1A3956D46DE8}") = "CinemaShop", "CinemaShop", "{ACA84362-73D2-498E-85EF-DFE37107DF6F}"
EndProject
Project("{9A19103F-16F7-4668-BE54-9A1E7A4F7556}") = "CinemaShop.Web", "CinemaShop.Web\CinemaShop.Web.csproj", "{38D61D04-06ED-4A1A-80EE-FD8EA8896405}"
EndProject
Project("{FAE04EC0-301F-11D3-BF4B-00C04F79EFBC}") = "CinemaShop.Domain", "CinemaShop.Domain\CinemaShop.Domain.csproj", "{1F6A79D9-FDB6-4161-AC88-37AC563B43F3}"
EndProject
Project("{FAE04EC0-301F-11D3-BF4B-00C04F79EFBC}") = "CinemaShop.Repository", "CinemaShop.Repository\CinemaShop.Repository.csproj", "{55E6322A-D868-45AA-BBEF-F701DD6AE717}"
EndProject
Project("{FAE04EC0-301F-11D3-BF4B-00C04F79EFBC}") = "CinemaShop.Services", "CinemaShop.Services\CinemaShop.Services.csproj", "{2155FD00-D9F9-4AE9-9D52-C272AA08C802}"
EndProject
Global
	GlobalSection(SolutionConfigurationPlatforms) = preSolution
		Debug|Any CPU = Debug|Any CPU
		Release|Any CPU = Release|Any CPU
	EndGlobalSection
	GlobalSection(ProjectConfigurationPlatforms) = postSolution
		{38D61D04-06ED-4A1A-80EE-FD8EA8896405}.Debug|Any CPU.ActiveCfg = Debug|Any CPU
		{38D61D04-06ED-4A1A-80EE-FD8EA8896405}.Debug|Any CPU.Build.0 = Debug|Any CPU
		{38D61D04-06ED-4A1A-80EE-FD8EA8896405}.Release|Any CPU.ActiveCfg = Release|Any CPU
		{38D61D04-06ED-4A1A-80EE-FD8EA8896405}.Release|Any CPU.Build.0 = Release|Any CPU
		{1F6A79D9-FDB6-4161-AC88-37AC563B43F3}.Debug|Any CPU.ActiveCfg = Debug|Any CPU
		{1F6A79D9-FDB6-4161-AC88-37AC563B43F3}.Debug|Any CPU.Build.0 = Debug|Any CPU
		{1F6A79D9-FDB6-4161-AC88-37AC563B43F3}.Release|Any CPU.ActiveCfg = Release|Any CPU
		{1F6A79D9-FDB6-4161-AC88-37AC563B43F3}.Release|Any CPU.Build.0 = Release|Any CPU
		{55E6322A-D868-45AA-BBEF-F701DD6AE717}.Debug|Any CPU.ActiveCfg = Debug|Any CPU
		{55E6322A-D868-45AA-BBEF-F701DD6AE717}.Debug|Any CPU.Build.0 = Debug|Any CPU
		{55E6322A-D868-45AA-BBEF-F701DD6AE717}.Release|Any CPU.ActiveCfg = Release|Any CPU
		{55E6322A-D868-45AA-BBEF-F701DD6AE717}.Release|Any CPU.Build.0 = Release|Any CPU
		{2155FD00-D9F9-4AE9-9D52-C272AA08C802}.Debug|Any CPU.ActiveCfg = Debug|Any CPU
		{2155FD00-D9F9-4AE9-9D52-C272AA08C802}.Debug|Any CPU.Build.0 = Debug|Any CPU
		{2155FD00-D9F9-4AE9-9D52-C272AA08C802}.Release|Any CPU.ActiveCfg = Release|Any CPU
		{2155FD00-D9F9-4AE9-9D52-C272AA08C802}.Release|Any CPU.Build.0 = Release|Any CPU
	EndGlobalSection
	GlobalSection(SolutionProperties) = preSolution
		HideSolutionNode = FALSE
	EndGlobalSection
	GlobalSection(NestedProjects) = preSolution
		{38D61D04-06ED-4A1A-80EE-FD8EA8896405} = {ACA84362-73D2-498E-85EF-DFE37107DF6F}
		{1F6A79D9-FDB6-4161-AC88-37AC563B43F3} = {ACA84362-73D2-498E-85EF-DFE37107DF6F}
		{55E6322A-D868-45AA-BBEF-F701DD6AE717} = {ACA84362-73D2-498E-85EF-DFE37107DF6F}
		{2155FD00-D9F9-4AE9-9D52-C272AA08C802} = {ACA84362-73D2-498E-85EF-DFE37107DF6F}
	EndGlobalSection
	GlobalSection(ExtensibilityGlobals) = postSolution
		SolutionGuid = {9C41E222-04B0-4522-B273-F9ED78E2D762}
	EndGlobalSection
EndGlobal
